{
  "nodes": {
    "cabal-gild": {
      "inputs": {
        "nixpkgs": [
          "nixpkgs"
        ]
      },
      "locked": {
        "lastModified": 1786995937,
        "narHash": "sha256-CuOhN8cRKmTvx2FmnwHiId3JVQvNGtBQdqjlOeHOzRg=",
        "owner": "tfausak",
        "repo": "cabal-gild-nix",
        "rev": "74857ad6d32a33bf3ca1071c7d746c9388621e09",
        "type": "github"
      },
      "original": {
        "owner": "tfausak",
        "repo": "cabal-gild-nix",
        "type": "github"
      }
    },
    "claude-code-nix": {
      "inputs": {
        "nixpkgs": [
          "nixpkgs"
        ],
        "systems": "systems"
      },
      "locked": {
        "lastModified": 1787000716,
        "narHash": "sha256-OvS7Bs6A2b7GsqcLdvWJ8HWn6ppj4wVbH0J8olARNA8=",
        "owner": "sadjow",
        "repo": "claude-code-nix",
        "rev": "2a8a4d8d8f3d5d49cede737a0df1b49992ffb7e5",
        "type": "github"
      },
      "original": {
        "owner": "sadjow",
        "repo": "claude-code-nix",
        "type": "github"
      }
    },
    "hooky": {
      "inputs": {
        "nixpkgs": [
          "nixpkgs"
        ]
      },
      "locked": {
        "lastModified": 1786992181,
        "narHash": "sha256-8zq67HOywI+R3e7sZVh0jhWTLu1OqPjuE/pHuK7qG0I=",
        "owner": "tfausak",
        "repo": "hooky-nix",
        "rev": "fb5c5180aa7d691c82c8b918e1a029c248b53937",
        "type": "github"
      },
      "original": {
        "owner": "tfausak",
        "repo": "hooky-nix",
        "type": "github"
      }
    },
    "nixpkgs": {
      "locked": {
        "lastModified": 1786963906,
        "narHash": "sha256-3tkeMWSvHPo3tYljfXbPC/TgknikU1GvdVr/DkdfvE0=",
        "owner": "NixOS",
        "repo": "nixpkgs",
        "rev": "f4b6996c4e8b9ee06ce147ec344c885f51071b14",
        "type": "github"
      },
      "original": {
        "owner": "NixOS",
        "ref": "nixpkgs-unstable",
        "repo": "nixpkgs",
        "type": "github"
      }
    },
    "root": {
      "inputs": {
        "cabal-gild": "cabal-gild",
        "claude-code-nix": "claude-code-nix",
        "hooky": "hooky",
        "nixpkgs": "nixpkgs"
      }
    },
    "systems": {
      "locked": {
        "lastModified": 1681028828,
        "narHash": "sha256-Vy1rq5AaRuLzOxct8nz4T6wlgyUR7zLU309k9mBC768=",
        "owner": "nix-systems",
        "repo": "default",
        "rev": "da67096a3b9bf56a91d16901293e51ba5b49a27e",
        "type": "github"
      },
      "original": {
        "owner": "nix-systems",
        "repo": "default",
        "type": "github"
      }
    }
  },
  "root": "root",
  "version": 7
}
