{
  "nodes": {
    "cabal-gild": {
      "inputs": {
        "nixpkgs": [
          "nixpkgs"
        ]
      },
      "locked": {
        "lastModified": 1786995937,
        "narHash": "sha256-CuOhN8cRKmTvx2FmnwHiId3JVQvNGtBQdqjlOeHOzRg=",
        "owner": "tfausak",
        "repo": "cabal-gild-nix",
        "rev": "74857ad6d32a33bf3ca1071c7d746c9388621e09",
        "type": "github"
      },
      "original": {
        "owner": "tfausak",
        "repo": "cabal-gild-nix",
        "type": "github"
      }
    },
    "hooky": {
      "inputs": {
        "nixpkgs": [
          "nixpkgs"
        ]
      },
      "locked": {
        "lastModified": 1786992181,
        "narHash": "sha256-8zq67HOywI+R3e7sZVh0jhWTLu1OqPjuE/pHuK7qG0I=",
        "owner": "tfausak",
        "repo": "hooky-nix",
        "rev": "fb5c5180aa7d691c82c8b918e1a029c248b53937",
        "type": "github"
      },
      "original": {
        "owner": "tfausak",
        "repo": "hooky-nix",
        "type": "github"
      }
    },
    "nixpkgs": {
      "locked": {
        "lastModified": 1787209939,
        "narHash": "sha256-WvvHR4kSQLAbtouMC/ruZ5UpLwlUcY3K4FAllMN+yGk=",
        "owner": "NixOS",
        "repo": "nixpkgs",
        "rev": "391b592eb44808b3bd0cb80bb71b63a5a118b8bb",
        "type": "github"
      },
      "original": {
        "owner": "NixOS",
        "ref": "nixpkgs-unstable",
        "repo": "nixpkgs",
        "type": "github"
      }
    },
    "root": {
      "inputs": {
        "cabal-gild": "cabal-gild",
        "hooky": "hooky",
        "nixpkgs": "nixpkgs"
      }
    }
  },
  "root": "root",
  "version": 7
}
